# THIS IS AN AUTOGENERATED FILE. DO NOT EDIT THIS FILE DIRECTLY.
# yarn lockfile v1


"@hapi/accept@3.x.x":
  version "3.2.2"
  resolved "https://registry.yarnpkg.com/@hapi/accept/-/accept-3.2.2.tgz#3a033af67be8196c23f8f51aa8756687b972c7cb"
  integrity sha512-UtXlTT59srtMr7ZRBzK2CvyWqFwlf78hPt9jEXqkwfbwiwRH1PRv/qkS8lgr5ZyoG6kfpU3xTgt2X91Yfe/6Yg==
  dependencies:
    "@hapi/boom" "7.x.x"
    "@hapi/hoek" "6.x.x"

"@hapi/address@2.x.x":
  version "2.0.0"
  resolved "https://registry.yarnpkg.com/@hapi/address/-/address-2.0.0.tgz#9f05469c88cb2fd3dcd624776b54ee95c312126a"
  integrity sha512-mV6T0IYqb0xL1UALPFplXYQmR0twnXG0M6jUswpquqT2sD12BOiCiLy3EvMp/Fy7s3DZElC4/aPjEjo2jeZpvw==

"@hapi/ammo@3.x.x":
  version "3.1.0"
  resolved "https://registry.yarnpkg.com/@hapi/ammo/-/ammo-3.1.0.tgz#a3281ecb68bf7af2ffa6d0f7656536a7d23700ed"
  integrity sha512-iFQBEfm3WwWy8JdPQ8l6qXVLPtzmjITVfaxwl6dfoP8kKv6i2Uk43Ax+ShkNfOVyfEnNggqL2IyZTY3DaaRGNg==
  dependencies:
    "@hapi/hoek" "6.x.x"

"@hapi/b64@4.x.x":
  version "4.2.0"
  resolved "https://registry.yarnpkg.com/@hapi/b64/-/b64-4.2.0.tgz#76de0c7ed76e55bfa42709a4facfe894dd41d741"
  integrity sha512-hmfPC1aF7cP21489A/IWPC3s1GE+1eAteVwFcOWLwj0Pky8eHgvrXPSSko2IeCpxqOdZhYw71IFN8xKPdv3CtQ==
  dependencies:
    "@hapi/hoek" "6.x.x"

"@hapi/boom@7.x.x":
  version "7.4.2"
  resolved "https://registry.yarnpkg.com/@hapi/boom/-/boom-7.4.2.tgz#c16957cd09796f6c1bfb4031bdc39d66d6d750c3"
  integrity sha512-T2CYcTI0AqSvC6YC7keu/fh9LVSMzfoMLharBnPbOwmc+Cexj9joIc5yNDKunaxYq9LPuOwMS0f2B3S1tFQUNw==
  dependencies:
    "@hapi/hoek" "6.x.x"

"@hapi/bounce@1.x.x":
  version "1.3.1"
  resolved "https://registry.yarnpkg.com/@hapi/bounce/-/bounce-1.3.1.tgz#7e0017300fa92b21bc6706590cac08f6085899e1"
  integrity sha512-/ecFQTRBom2MEbjMHvKKE6FZ/e1gYK72CeUIFzz++dKK1kYJ0KbRJ72mXroWoTT2hIv+8H0ua/eOkO0+hRdHcw==
  dependencies:
    "@hapi/boom" "7.x.x"
    "@hapi/hoek" "8.x.x"

"@hapi/bourne@1.x.x":
  version "1.3.2"
  resolved "https://registry.yarnpkg.com/@hapi/bourne/-/bourne-1.3.2.tgz#0a7095adea067243ce3283e1b56b8a8f453b242a"
  integrity sha512-1dVNHT76Uu5N3eJNTYcvxee+jzX4Z9lfciqRRHCU27ihbUcYi+iSc2iml5Ke1LXe1SyJCLA0+14Jh4tXJgOppA==

"@hapi/call@5.x.x":
  version "5.1.0"
  resolved "https://registry.yarnpkg.com/@hapi/call/-/call-5.1.0.tgz#91e4c434318003173d96d211d90d35736a33945e"
  integrity sha512-CiVEXjD/jiIHBqufBW3pdedshEMjRmHtff7m1puot8j4MUmuKRbLlh0DB8fv6QqH/7/55pH1qgFj300r0WpyMw==
  dependencies:
    "@hapi/boom" "7.x.x"
    "@hapi/hoek" "6.x.x"

"@hapi/catbox-memory@4.x.x":
  version "4.1.0"
  resolved "https://registry.yarnpkg.com/@hapi/catbox-memory/-/catbox-memory-4.1.0.tgz#cb5fbaf45c52beb44766dae018a2aee7b43e9c88"
  integrity sha512-libCGyufOZaJu6uE9nVXw/u8tqOt4ifNIrOSAsDjzS+af3vPJyid8faOICqKCAh3E338UAsUe5AeYdezdsmtpg==
  dependencies:
    "@hapi/boom" "7.x.x"
    "@hapi/hoek" "6.x.x"

"@hapi/catbox@10.x.x":
  version "10.2.1"
  resolved "https://registry.yarnpkg.com/@hapi/catbox/-/catbox-10.2.1.tgz#ae21fbcdd16e4dff802b6969ee2d6bc51b7e1128"
  integrity sha512-u13BXlnmmrNUZssjTriRVTLuk6I/yUy5C1/Pia1+E2cpfd7o2/jmEvYdFgeS0Ft9QTz7WWhpXKlrguARUuohhQ==
  dependencies:
    "@hapi/boom" "7.x.x"
    "@hapi/hoek" "6.x.x"
    "@hapi/joi" "15.x.x"
    "@hapi/podium" "3.x.x"

"@hapi/content@4.x.x":
  version "4.1.0"
  resolved "https://registry.yarnpkg.com/@hapi/content/-/content-4.1.0.tgz#5265516949ca081e85a43e97c1058ff53fc69714"
  integrity sha512-hv2Czsl49hnWDEfRZOFow/BmYbKyfEknmk3k83gOp6moFn5ceHB4xVcna8OwsGfy8dxO81lhpPy+JgQEaU4SWw==
  dependencies:
    "@hapi/boom" "7.x.x"

"@hapi/cryptiles@4.x.x":
  version "4.2.0"
  resolved "https://registry.yarnpkg.com/@hapi/cryptiles/-/cryptiles-4.2.0.tgz#d22bd5afa54f3c1a3b944a43dadfd4c5e5747f72"
  integrity sha512-P+ioMP1JGhwDOKPRuQls6sT/ln6Fk+Ks6d90mlBi6HcOu5itvdUiFv5Ynq2DvLadPDWaA43lwNxkfZrjE9s2MA==
  dependencies:
    "@hapi/boom" "7.x.x"

"@hapi/file@1.x.x":
  version "1.0.0"
  resolved "https://registry.yarnpkg.com/@hapi/file/-/file-1.0.0.tgz#c91c39fd04db8bed5af82d2e032e7a4e65555b38"
  integrity sha512-Bsfp/+1Gyf70eGtnIgmScvrH8sSypO3TcK3Zf0QdHnzn/ACnAkI6KLtGACmNRPEzzIy+W7aJX5E+1fc9GwIABQ==

"@hapi/hapi@^18.3.1":
  version "18.3.1"
  resolved "https://registry.yarnpkg.com/@hapi/hapi/-/hapi-18.3.1.tgz#936d1e24551b11486eabd6a4974bea4ec2127669"
  integrity sha512-gBiU9isWWezrg0ucX95Ph6AY6fUKZub3FxKapaleoFBJDOUcxTYiQR6Lha2zvHalIFoTl3K04O3Yr/5pD17QkQ==
  dependencies:
    "@hapi/accept" "3.x.x"
    "@hapi/ammo" "3.x.x"
    "@hapi/boom" "7.x.x"
    "@hapi/bounce" "1.x.x"
    "@hapi/call" "5.x.x"
    "@hapi/catbox" "10.x.x"
    "@hapi/catbox-memory" "4.x.x"
    "@hapi/heavy" "6.x.x"
    "@hapi/hoek" "6.x.x"
    "@hapi/joi" "15.x.x"
    "@hapi/mimos" "4.x.x"
    "@hapi/podium" "3.x.x"
    "@hapi/shot" "4.x.x"
    "@hapi/somever" "2.x.x"
    "@hapi/statehood" "6.x.x"
    "@hapi/subtext" "6.x.x"
    "@hapi/teamwork" "3.x.x"
    "@hapi/topo" "3.x.x"

"@hapi/heavy@6.x.x":
  version "6.2.0"
  resolved "https://registry.yarnpkg.com/@hapi/heavy/-/heavy-6.2.0.tgz#b6c30578e1f30ab6ca17a818772f11b1116ba8cc"
  integrity sha512-tzGU9cElY0IxRBudGB7tLFkdpBD8XQPfd6G7DSOnvHRK+q96UHGHn4t59Yd7kDpVucNkErWWYarsGx2KmKPkXA==
  dependencies:
    "@hapi/boom" "7.x.x"
    "@hapi/hoek" "6.x.x"
    "@hapi/joi" "15.x.x"

"@hapi/hoek@6.x.x":
  version "6.2.4"
  resolved "https://registry.yarnpkg.com/@hapi/hoek/-/hoek-6.2.4.tgz#4b95fbaccbfba90185690890bdf1a2fbbda10595"
  integrity sha512-HOJ20Kc93DkDVvjwHyHawPwPkX44sIrbXazAUDiUXaY2R9JwQGo2PhFfnQtdrsIe4igjG2fPgMra7NYw7qhy0A==

"@hapi/hoek@8.x.x":
  version "8.2.0"
  resolved "https://registry.yarnpkg.com/@hapi/hoek/-/hoek-8.2.0.tgz#079a133be240ff866ad8532eaa46a691bdd91117"
  integrity sha512-pR2ZgiP562aiaQvQ98WgfqfTrm+xG+7hwHRPEiYZ+7U1OHAAb4OVZJIalCP03bMqYSioQzflzVTVrybSwDBn1Q==

"@hapi/iron@5.x.x":
  version "5.1.0"
  resolved "https://registry.yarnpkg.com/@hapi/iron/-/iron-5.1.0.tgz#c3b34783cd19b7b8aabe11b72b0ce3781fcee08d"
  integrity sha512-+MK3tBPkEKd50SrDTRXa2DVvE0UTPFKxGbodlbQpNP9SVlxi+ZwA640VJtMNj84FZh81UUxda8AOLPRKFffnEA==
  dependencies:
    "@hapi/b64" "4.x.x"
    "@hapi/boom" "7.x.x"
    "@hapi/cryptiles" "4.x.x"
    "@hapi/hoek" "6.x.x"

"@hapi/joi@15.x.x":
  version "15.1.0"
  resolved "https://registry.yarnpkg.com/@hapi/joi/-/joi-15.1.0.tgz#940cb749b5c55c26ab3b34ce362e82b6162c8e7a"
  integrity sha512-n6kaRQO8S+kepUTbXL9O/UOL788Odqs38/VOfoCrATDtTvyfiO3fgjlSRaNkHabpTLgM7qru9ifqXlXbXk8SeQ==
  dependencies:
    "@hapi/address" "2.x.x"
    "@hapi/hoek" "6.x.x"
    "@hapi/marker" "1.x.x"
    "@hapi/topo" "3.x.x"

"@hapi/marker@1.x.x":
  version "1.0.0"
  resolved "https://registry.yarnpkg.com/@hapi/marker/-/marker-1.0.0.tgz#65b0b2b01d1be06304886ce9b4b77b1bfb21a769"
  integrity sha512-JOfdekTXnJexfE8PyhZFyHvHjt81rBFSAbTIRAhF2vv/2Y1JzoKsGqxH/GpZJoF7aEfYok8JVcAHmSz1gkBieA==

"@hapi/mimos@4.x.x":
  version "4.1.0"
  resolved "https://registry.yarnpkg.com/@hapi/mimos/-/mimos-4.1.0.tgz#8c3345ca3b70c0e10e7e9e35f0e01d314c2d4e32"
  integrity sha512-CkxOB15TFZDMl5tQ5qezKZvvBnkRYVc8YksNfA5TnqQMMsU7vGPyvuuNFqj+15bfEwHyM6qasxyQNdkX9B/cQw==
  dependencies:
    "@hapi/hoek" "6.x.x"
    mime-db "1.x.x"

"@hapi/nigel@3.x.x":
  version "3.1.0"
  resolved "https://registry.yarnpkg.com/@hapi/nigel/-/nigel-3.1.0.tgz#88f78220f4f022a5bd1d61b59505367861425595"
  integrity sha512-IJyau32pz5Bf7pzUU/8AIn/SvPvhLMQcOel6kM7ECpKyPc895AwttSusRKfgTwfxZOEG6W8DnNv25gLtqrVFSg==
  dependencies:
    "@hapi/hoek" "6.x.x"
    "@hapi/vise" "3.x.x"

"@hapi/pez@4.x.x":
  version "4.1.0"
  resolved "https://registry.yarnpkg.com/@hapi/pez/-/pez-4.1.0.tgz#97a88e5d19e756efbd24e5f583d59fa8db1d6cba"
  integrity sha512-c+AxL8/cCj+7FB+tzJ5FhWKYP8zF7/7mA3Ft3a5y7h6YT26qzhj5d2JY27jur30KaZbrZAd4ofXXkqvE/IpJlA==
  dependencies:
    "@hapi/b64" "4.x.x"
    "@hapi/boom" "7.x.x"
    "@hapi/content" "4.x.x"
    "@hapi/hoek" "6.x.x"
    "@hapi/nigel" "3.x.x"

"@hapi/podium@3.x.x":
  version "3.4.0"
  resolved "https://registry.yarnpkg.com/@hapi/podium/-/podium-3.4.0.tgz#350b2a93eb13b8b7e297e5bcd8b1fea26e359607"
  integrity sha512-IwyewAPGlCoq+g5536PKSDqSTfgpwbj+q4cBJpEUNqzwc5C5SM2stuFsULU7x1jKeWevfgWDoYWC75ML4IOYug==
  dependencies:
    "@hapi/hoek" "6.x.x"
    "@hapi/joi" "15.x.x"

"@hapi/shot@4.x.x":
  version "4.1.0"
  resolved "https://registry.yarnpkg.com/@hapi/shot/-/shot-4.1.0.tgz#e564bf5474d932e947bc48ab35ff565d4e1bf57b"
  integrity sha512-rpUU5cF08fqAZLLnue6Sy0osj1QMPbrYskehxtLFPdk7CwlPcu9N/wRtgu7vDHTQCKTkag6M8sjc8V8p8lSxpg==
  dependencies:
    "@hapi/hoek" "6.x.x"
    "@hapi/joi" "15.x.x"

"@hapi/somever@2.x.x":
  version "2.1.0"
  resolved "https://registry.yarnpkg.com/@hapi/somever/-/somever-2.1.0.tgz#46ccf2a85ab77635982af15aa4a28c847717bdbf"
  integrity sha512-kMPewbpgLd0MSlNg0bjvq57Levozbg7c3O0idpWRxRgXfXBALNATLf8GRVbnMehYXAh7YRD2mR/91kginDtJ2Q==
  dependencies:
    "@hapi/bounce" "1.x.x"
    "@hapi/hoek" "6.x.x"

"@hapi/statehood@6.x.x":
  version "6.1.0"
  resolved "https://registry.yarnpkg.com/@hapi/statehood/-/statehood-6.1.0.tgz#2681c738d816281d6a590286054c8b9e779116fc"
  integrity sha512-qc8Qq3kg0b3XK7siXf6DK0wp+rcOrXv336kIP6YrtD9TbQ45TsBobwKkUXB+4R3GCCQ8a6tOj8FR/9bdtjKJCA==
  dependencies:
    "@hapi/boom" "7.x.x"
    "@hapi/bounce" "1.x.x"
    "@hapi/bourne" "1.x.x"
    "@hapi/cryptiles" "4.x.x"
    "@hapi/hoek" "6.x.x"
    "@hapi/iron" "5.x.x"
    "@hapi/joi" "15.x.x"

"@hapi/subtext@6.x.x":
  version "6.1.1"
  resolved "https://registry.yarnpkg.com/@hapi/subtext/-/subtext-6.1.1.tgz#3b63b4175a7bd06cd0d21f13912c7d81de90e6d2"
  integrity sha512-Y7NjKFRPwlzKRw5IdwRou42hR4IBQZolT+/DlvfSr/CBjGyu38n5+9LKfNKzqB/0AVEk+xynCijsx1o1UVWX8A==
  dependencies:
    "@hapi/boom" "7.x.x"
    "@hapi/bourne" "1.x.x"
    "@hapi/content" "4.x.x"
    "@hapi/file" "1.x.x"
    "@hapi/hoek" "8.x.x"
    "@hapi/pez" "4.x.x"
    "@hapi/wreck" "15.x.x"

"@hapi/teamwork@3.x.x":
  version "3.3.1"
  resolved "https://registry.yarnpkg.com/@hapi/teamwork/-/teamwork-3.3.1.tgz#b52d0ec48682dc793926bd432e22ceb19c915d3f"
  integrity sha512-61tiqWCYvMKP7fCTXy0M4VE6uNIwA0qvgFoiDubgfj7uqJ0fdHJFQNnVPGrxhLWlwz0uBPWrQlBH7r8y9vFITQ==

"@hapi/topo@3.x.x":
  version "3.1.3"
  resolved "https://registry.yarnpkg.com/@hapi/topo/-/topo-3.1.3.tgz#c7a02e0d936596d29f184e6d7fdc07e8b5efce11"
  integrity sha512-JmS9/vQK6dcUYn7wc2YZTqzIKubAQcJKu2KCKAru6es482U5RT5fP1EXCPtlXpiK7PR0On/kpQKI4fRKkzpZBQ==
  dependencies:
    "@hapi/hoek" "8.x.x"

"@hapi/vise@3.x.x":
  version "3.1.0"
  resolved "https://registry.yarnpkg.com/@hapi/vise/-/vise-3.1.0.tgz#4fa71b9e752f35e5519115c73a47479a7375b445"
  integrity sha512-DUDzV0D4iVO5atghsjGZtzaF0HVtRLcxcnH6rAONyH0stnoLiFloGEuP5nkbIPU0B9cgWTzTUsQPuNHBzxy9Yw==
  dependencies:
    "@hapi/hoek" "6.x.x"

"@hapi/wreck@15.x.x":
  version "15.0.1"
  resolved "https://registry.yarnpkg.com/@hapi/wreck/-/wreck-15.0.1.tgz#b9f881965a7e649a8fffe6de25ba41973ed28415"
  integrity sha512-ByXQna/W1FZk7dg8NEhL79u4QkhzszRz76VpgyGstSH8bLM01a0C8RsxmUBgi6Tjkag5jA9kaEIhF9dLpMrtBw==
  dependencies:
    "@hapi/boom" "7.x.x"
    "@hapi/bourne" "1.x.x"
    "@hapi/hoek" "6.x.x"

"@types/boom@*":
  version "7.3.0"
  resolved "https://registry.yarnpkg.com/@types/boom/-/boom-7.3.0.tgz#33280c5552d4cfabc21b8b7e0f6d29292decd985"
  integrity sha512-PH7bfkt1nu4pnlxz+Ws+wwJJF1HE12W3ia+Iace2JT7q56DLH3hbyjOJyNHJYRxk3PkKaC36fHfHKyeG1rMgCA==

"@types/catbox@*":
  version "10.0.6"
  resolved "https://registry.yarnpkg.com/@types/catbox/-/catbox-10.0.6.tgz#8a4c91261cf0afca03351bb82a95b2d6cf43a5d0"
  integrity sha512-qS0VHlL6eBUUoUeBnI/ASCffoniS62zdV6IUtLSIjGKmRhZNawotaOMsTYivZOTZVktfe9koAJkD9XFac7tEEg==

"@types/hapi@^18.0.2":
  version "18.0.2"
  resolved "https://registry.yarnpkg.com/@types/hapi/-/hapi-18.0.2.tgz#2c3ed843e1e7358486eccf64256e91f7918948b2"
  integrity sha512-I3THPpOY0G0bXNLzyaqUzMIbqPrci21C1Vqlnek348SJq2Gp7TLSnQbwOb+v/xunxCTzY3o2fV3h7uffL3Ln0w==
  dependencies:
    "@types/boom" "*"
    "@types/catbox" "*"
    "@types/iron" "*"
    "@types/joi" "*"
    "@types/mimos" "*"
    "@types/node" "*"
    "@types/podium" "*"
    "@types/shot" "*"

"@types/iron@*":
  version "5.0.1"
  resolved "https://registry.yarnpkg.com/@types/iron/-/iron-5.0.1.tgz#5420bbda8623c48ee51b9a78ebad05d7305b4b24"
  integrity sha512-Ng5BkVGPt7Tw9k1OJ6qYwuD9+dmnWgActmsnnrdvs4075N8V2go1f6Pz8omG3q5rbHjXN6yzzZDYo3JOgAE/Ug==
  dependencies:
    "@types/node" "*"

"@types/joi@*":
  version "14.3.3"
  resolved "https://registry.yarnpkg.com/@types/joi/-/joi-14.3.3.tgz#f251aa8150fc0b6a7ce9feab21802a28473de335"
  integrity sha512-6gAT/UkIzYb7zZulAbcof3lFxpiD5EI6xBeTvkL1wYN12pnFQ+y/+xl9BvnVgxkmaIDN89xWhGZLD9CvuOtZ9g==

"@types/mime-db@*":
  version "1.27.0"
  resolved "https://registry.yarnpkg.com/@types/mime-db/-/mime-db-1.27.0.tgz#9bc014a1fd1fdf47649c1a54c6dd7966b8284792"
  integrity sha1-m8AUof0f30dknBpUxt15ZrgoR5I=

"@types/mimos@*":
  version "3.0.1"
  resolved "https://registry.yarnpkg.com/@types/mimos/-/mimos-3.0.1.tgz#59d96abe1c9e487e7463fe41e8d86d76b57a441a"
  integrity sha512-MATIRH4VMIJki8lcYUZdNQEHuAG7iQ1FWwoLgxV+4fUOly2xZYdhHtGgvQyWiTeJqq2tZbE0nOOgZD6pR0FpNQ==
  dependencies:
    "@types/mime-db" "*"

"@types/node@*":
  version "12.7.1"
  resolved "https://registry.yarnpkg.com/@types/node/-/node-12.7.1.tgz#3b5c3a26393c19b400844ac422bd0f631a94d69d"
  integrity sha512-aK9jxMypeSrhiYofWWBf/T7O+KwaiAHzM4sveCdWPn71lzUSMimRnKzhXDKfKwV1kWoBo2P1aGgaIYGLf9/ljw==

"@types/podium@*":
  version "1.0.0"
  resolved "https://registry.yarnpkg.com/@types/podium/-/podium-1.0.0.tgz#bfaa2151be2b1d6109cc69f7faa9dac2cba3bb20"
  integrity sha1-v6ohUb4rHWEJzGn3+qnawsujuyA=

"@types/shot@*":
  version "4.0.0"
  resolved "https://registry.yarnpkg.com/@types/shot/-/shot-4.0.0.tgz#7545500c489b65c69b5bc5446ba4fef3bd26af92"
  integrity sha512-Xv+n8yfccuicMlwBY58K5PVVNtXRm7uDzcwwmCarBxMP+XxGfnh1BI06YiVAsPbTAzcnYsrzpoS5QHeyV7LS8A==
  dependencies:
    "@types/node" "*"

accept@2.x.x:
  version "2.1.4"
  resolved "https://registry.yarnpkg.com/accept/-/accept-2.1.4.tgz#887af54ceee5c7f4430461971ec400c61d09acbb"
  integrity sha1-iHr1TO7lx/RDBGGXHsQAxh0JrLs=
  dependencies:
    boom "5.x.x"
    hoek "4.x.x"

ammo@2.x.x:
  version "2.0.4"
  resolved "https://registry.yarnpkg.com/ammo/-/ammo-2.0.4.tgz#bf80aab211698ea78f63ef5e7f113dd5d9e8917f"
  integrity sha1-v4CqshFpjqePY+9efxE91dnokX8=
  dependencies:
    boom "5.x.x"
    hoek "4.x.x"

b64@3.x.x:
  version "3.0.3"
  resolved "https://registry.yarnpkg.com/b64/-/b64-3.0.3.tgz#36afeee0d9345f046387ce6de8a6702afe5bb56e"
  integrity sha512-Pbeh0i6OLubPJdIdCepn8ZQHwN2MWznZHbHABSTEfQ706ie+yuxNSaPdqX1xRatT6WanaS1EazMiSg0NUW2XxQ==

boom@5.x.x:
  version "5.2.0"
  resolved "https://registry.yarnpkg.com/boom/-/boom-5.2.0.tgz#5dd9da6ee3a5f302077436290cb717d3f4a54e02"
  integrity sha512-Z5BTk6ZRe4tXXQlkqftmsAUANpXmuwlsF5Oov8ThoMbQRzdGTA1ngYRW160GexgOgjsFOKJz0LYhoNi+2AMBUw==
  dependencies:
    hoek "4.x.x"

bourne@1.x.x:
  version "1.1.2"
  resolved "https://registry.yarnpkg.com/bourne/-/bourne-1.1.2.tgz#e290b5bd7166635632eaf8ef12b006b2d4a75b83"
  integrity sha512-b2dgVkTZhkQirNMohgC00rWfpVqEi9y5tKM1k3JvoNx05ODtfQoPPd4js9CYFQoY0IM8LAmnJulEuWv74zjUOg==

bson@^1.1.0:
  version "1.1.5"
  resolved "https://registry.yarnpkg.com/bson/-/bson-1.1.5.tgz#2aaae98fcdf6750c0848b0cba1ddec3c73060a34"
  integrity sha512-kDuEzldR21lHciPQAIulLs1LZlCXdLziXI6Mb/TDkwXhb//UORJNPXgcRs2CuO4H0DcMkpfT3/ySsP3unoZjBg==

call@4.x.x:
  version "4.0.2"
  resolved "https://registry.yarnpkg.com/call/-/call-4.0.2.tgz#df76f5f51ee8dd48b856ac8400f7e69e6d7399c4"
  integrity sha1-33b19R7o3Ui4VqyEAPfmnm1zmcQ=
  dependencies:
    boom "5.x.x"
    hoek "4.x.x"

catbox-memory@2.x.x:
  version "2.0.4"
  resolved "https://registry.yarnpkg.com/catbox-memory/-/catbox-memory-2.0.4.tgz#433e255902caf54233d1286429c8f4df14e822d5"
  integrity sha1-Qz4lWQLK9UIz0ShkKcj03xToItU=
  dependencies:
    hoek "4.x.x"

catbox@7.x.x:
  version "7.1.5"
  resolved "https://registry.yarnpkg.com/catbox/-/catbox-7.1.5.tgz#c56f7e8e9555d27c0dc038a96ef73e57d186bb1f"
  integrity sha512-4fui5lELzqZ+9cnaAP/BcqXTH6LvWLBRtFhJ0I4FfgfXiSaZcf6k9m9dqOyChiTxNYtvLk7ZMYSf7ahMq3bf5A==
  dependencies:
    boom "5.x.x"
    hoek "4.x.x"
    joi "10.x.x"

content@3.x.x:
  version "3.0.7"
  resolved "https://registry.yarnpkg.com/content/-/content-3.0.7.tgz#0cbb88e82702d35ccf59800b8add609bb5c1dfc2"
  integrity sha512-LXtnSnvE+Z1Cjpa3P9gh9kb396qV4MqpfwKy777BOSF8n6nw2vAi03tHNl0/XRqZUyzVzY/+nMXOZVnEapWzdg==
  dependencies:
    boom "5.x.x"

cryptiles@3.x.x:
  version "3.1.4"
  resolved "https://registry.yarnpkg.com/cryptiles/-/cryptiles-3.1.4.tgz#769a68c95612b56faadfcebf57ac86479cbe8322"
  integrity sha512-8I1sgZHfVwcSOY6mSGpVU3lw/GSIZvusg8dD2+OGehCJpOhQRLNcH0qb9upQnOH4XhgxxFJSg6E2kx95deb1Tw==
  dependencies:
    boom "5.x.x"

hapi@^16.1.0:
  version "16.7.0"
  resolved "https://registry.yarnpkg.com/hapi/-/hapi-16.7.0.tgz#3bb39517971df81e8198ec04751455e8b6cb0871"
  integrity sha512-UeMX1LMWmHEIgMlwZGK/3lhI7X0VRvOioVply0Y9qF+/O5woGdQzNB8ZmDnLOBjnB6bdWWHyo5DEamuCsE1vmg==
  dependencies:
    accept "2.x.x"
    ammo "2.x.x"
    boom "5.x.x"
    call "4.x.x"
    catbox "7.x.x"
    catbox-memory "2.x.x"
    cryptiles "3.x.x"
    heavy "4.x.x"
    hoek "4.x.x"
    iron "4.x.x"
    items "2.x.x"
    joi "11.x.x"
    mimos "3.x.x"
    podium "1.x.x"
    shot "3.x.x"
    somever "1.x.x"
    statehood "5.x.x"
    subtext "5.x.x"
    topo "2.x.x"

heavy@4.x.x:
  version "4.0.4"
  resolved "https://registry.yarnpkg.com/heavy/-/heavy-4.0.4.tgz#36c91336c00ccfe852caa4d153086335cd2f00e9"
  integrity sha1-NskTNsAMz+hSyqTRUwhjNc0vAOk=
  dependencies:
    boom "5.x.x"
    hoek "4.x.x"
    joi "10.x.x"

hoek@4.x.x:
  version "4.2.1"
  resolved "https://registry.yarnpkg.com/hoek/-/hoek-4.2.1.tgz#9634502aa12c445dd5a7c5734b572bb8738aacbb"
  integrity sha512-QLg82fGkfnJ/4iy1xZ81/9SIJiq1NGFUMGs6ParyjBZr6jW2Ufj/snDqTHixNlHdPNwN2RLVD0Pi3igeK9+JfA==

iron@4.x.x:
  version "4.0.5"
  resolved "https://registry.yarnpkg.com/iron/-/iron-4.0.5.tgz#4f042cceb8b9738f346b59aa734c83a89bc31428"
  integrity sha1-TwQszri5c480a1mqc0yDqJvDFCg=
  dependencies:
    boom "5.x.x"
    cryptiles "3.x.x"
    hoek "4.x.x"

isemail@2.x.x:
  version "2.2.1"
  resolved "https://registry.yarnpkg.com/isemail/-/isemail-2.2.1.tgz#0353d3d9a62951080c262c2aa0a42b8ea8e9e2a6"
  integrity sha1-A1PT2aYpUQgMJiwqoKQrjqjp4qY=

isemail@3.x.x:
  version "3.2.0"
  resolved "https://registry.yarnpkg.com/isemail/-/isemail-3.2.0.tgz#59310a021931a9fb06bbb51e155ce0b3f236832c"
  integrity sha512-zKqkK+O+dGqevc93KNsbZ/TqTUFd46MwWjYOoMrjIMZ51eU7DtQG3Wmd9SQQT7i7RVnuTPEiYEWHU3MSbxC1Tg==
  dependencies:
    punycode "2.x.x"

items@2.x.x:
  version "2.1.2"
  resolved "https://registry.yarnpkg.com/items/-/items-2.1.2.tgz#0849354595805d586dac98e7e6e85556ea838558"
  integrity sha512-kezcEqgB97BGeZZYtX/MA8AG410ptURstvnz5RAgyFZ8wQFPMxHY8GpTq+/ZHKT3frSlIthUq7EvLt9xn3TvXg==

joi@10.x.x:
  version "10.6.0"
  resolved "https://registry.yarnpkg.com/joi/-/joi-10.6.0.tgz#52587f02d52b8b75cdb0c74f0b164a191a0e1fc2"
  integrity sha512-hBF3LcqyAid+9X/pwg+eXjD2QBZI5eXnBFJYaAkH4SK3mp9QSRiiQnDYlmlz5pccMvnLcJRS4whhDOTCkmsAdQ==
  dependencies:
    hoek "4.x.x"
    isemail "2.x.x"
    items "2.x.x"
    topo "2.x.x"

joi@11.x.x:
  version "11.4.0"
  resolved "https://registry.yarnpkg.com/joi/-/joi-11.4.0.tgz#f674897537b625e9ac3d0b7e1604c828ad913ccb"
  integrity sha512-O7Uw+w/zEWgbL6OcHbyACKSj0PkQeUgmehdoXVSxt92QFCq4+1390Rwh5moI2K/OgC7D8RHRZqHZxT2husMJHA==
  dependencies:
    hoek "4.x.x"
    isemail "3.x.x"
    topo "2.x.x"

joi@12.x.x:
  version "12.0.0"
  resolved "https://registry.yarnpkg.com/joi/-/joi-12.0.0.tgz#46f55e68f4d9628f01bbb695902c8b307ad8d33a"
  integrity sha512-z0FNlV4NGgjQN1fdtHYXf5kmgludM65fG/JlXzU6+rwkt9U5UWuXVYnXa2FpK0u6+qBuCmrm5byPNuiiddAHvQ==
  dependencies:
    hoek "4.x.x"
    isemail "3.x.x"
    topo "2.x.x"

memory-pager@^1.0.2:
  version "1.5.0"
  resolved "https://registry.yarnpkg.com/memory-pager/-/memory-pager-1.5.0.tgz#d8751655d22d384682741c972f2c3d6dfa3e66b5"
  integrity sha512-ZS4Bp4r/Zoeq6+NLJpP+0Zzm0pR8whtGPf1XExKLJBAczGMnSi3It14OiNCStjQjM6NU1okjQGSxgEZN8eBYKg==

mime-db@1.x.x:
  version "1.40.0"
  resolved "https://registry.yarnpkg.com/mime-db/-/mime-db-1.40.0.tgz#a65057e998db090f732a68f6c276d387d4126c32"
  integrity sha512-jYdeOMPy9vnxEqFRRo6ZvTZ8d9oPb+k18PKoYNYUe2stVEBPPwsln/qWzdbmaIvnhZ9v2P+CuecK+fpUfsV2mA==

mimos@3.x.x:
  version "3.0.3"
  resolved "https://registry.yarnpkg.com/mimos/-/mimos-3.0.3.tgz#b9109072ad378c2b72f6a0101c43ddfb2b36641f"
  integrity sha1-uRCQcq03jCty9qAQHEPd+ys2ZB8=
  dependencies:
    hoek "4.x.x"
    mime-db "1.x.x"

mongodb-core@3.1.11:
  version "3.1.11"
  resolved "https://registry.yarnpkg.com/mongodb-core/-/mongodb-core-3.1.11.tgz#b253038dbb4d7329f3d1c2ee5400bb0c9221fde5"
  integrity sha512-rD2US2s5qk/ckbiiGFHeu+yKYDXdJ1G87F6CG3YdaZpzdOm5zpoAZd/EKbPmFO6cQZ+XVXBXBJ660sSI0gc6qg==
  dependencies:
    bson "^1.1.0"
    require_optional "^1.0.1"
    safe-buffer "^5.1.2"
  optionalDependencies:
    saslprep "^1.0.0"

mongodb@^3.1.13:
  version "3.1.13"
  resolved "https://registry.yarnpkg.com/mongodb/-/mongodb-3.1.13.tgz#f8cdcbb36ad7a08b570bd1271c8525753f75f9f4"
  integrity sha512-sz2dhvBZQWf3LRNDhbd30KHVzdjZx9IKC0L+kSZ/gzYquCF5zPOgGqRz6sSCqYZtKP2ekB4nfLxhGtzGHnIKxA==
  dependencies:
    mongodb-core "3.1.11"
    safe-buffer "^5.1.2"

nigel@2.x.x:
  version "2.0.2"
  resolved "https://registry.yarnpkg.com/nigel/-/nigel-2.0.2.tgz#93a1866fb0c52d87390aa75e2b161f4b5c75e5b1"
  integrity sha1-k6GGb7DFLYc5CqdeKxYfS1x15bE=
  dependencies:
    hoek "4.x.x"
    vise "2.x.x"

pez@2.x.x:
  version "2.1.5"
  resolved "https://registry.yarnpkg.com/pez/-/pez-2.1.5.tgz#5ec2cc62500cc3eb4236d4a414cf5a17b5eb5007"
  integrity sha1-XsLMYlAMw+tCNtSkFM9aF7XrUAc=
  dependencies:
    b64 "3.x.x"
    boom "5.x.x"
    content "3.x.x"
    hoek "4.x.x"
    nigel "2.x.x"

podium@1.x.x:
  version "1.3.0"
  resolved "https://registry.yarnpkg.com/podium/-/podium-1.3.0.tgz#3c490f54d16f10f5260cbe98641f1cb733a8851c"
  integrity sha512-ZIujqk1pv8bRZNVxwwwq0BhXilZ2udycQT3Kp8ah3f3TcTmVg7ILJsv/oLf47gRa2qeiP584lNq+pfvS9U3aow==
  dependencies:
    hoek "4.x.x"
    items "2.x.x"
    joi "10.x.x"

punycode@2.x.x:
  version "2.1.1"
  resolved "https://registry.yarnpkg.com/punycode/-/punycode-2.1.1.tgz#b58b010ac40c22c5657616c8d2c2c02c7bf479ec"
  integrity sha512-XRsRjdf+j5ml+y/6GKHPZbrF/8p2Yga0JPtdqTIY2Xe5ohJPD9saDJJLPvp9+NSBprVvevdXZybnj2cv8OEd0A==

require_optional@^1.0.1:
  version "1.0.1"
  resolved "https://registry.yarnpkg.com/require_optional/-/require_optional-1.0.1.tgz#4cf35a4247f64ca3df8c2ef208cc494b1ca8fc2e"
  integrity sha512-qhM/y57enGWHAe3v/NcwML6a3/vfESLe/sGM2dII+gEO0BpKRUkWZow/tyloNqJyN6kXSl3RyyM8Ll5D/sJP8g==
  dependencies:
    resolve-from "^2.0.0"
    semver "^5.1.0"

resolve-from@^2.0.0:
  version "2.0.0"
  resolved "https://registry.yarnpkg.com/resolve-from/-/resolve-from-2.0.0.tgz#9480ab20e94ffa1d9e80a804c7ea147611966b57"
  integrity sha1-lICrIOlP+h2egKgEx+oUdhGWa1c=

safe-buffer@^5.1.2:
  version "5.2.1"
  resolved "https://registry.yarnpkg.com/safe-buffer/-/safe-buffer-5.2.1.tgz#1eaf9fa9bdb1fdd4ec75f58f9cdb4e6b7827eec6"
  integrity sha512-rp3So07KcdmmKbGvgaNxQSJr7bGVSVk5S9Eq1F+ppbRo70+YeaDxkw5Dd8NPN+GD6bjnYm2VuPuCXmpuYvmCXQ==

saslprep@^1.0.0:
  version "1.0.3"
  resolved "https://registry.yarnpkg.com/saslprep/-/saslprep-1.0.3.tgz#4c02f946b56cf54297e347ba1093e7acac4cf226"
  integrity sha512-/MY/PEMbk2SuY5sScONwhUDsV2p77Znkb/q3nSVstq/yQzYJOH/Azh29p9oJLsl3LnQwSvZDKagDGBsBwSooag==
  dependencies:
    sparse-bitfield "^3.0.3"

semver@^5.1.0:
  version "5.7.0"
  resolved "https://registry.yarnpkg.com/semver/-/semver-5.7.0.tgz#790a7cf6fea5459bac96110b29b60412dc8ff96b"
  integrity sha512-Ya52jSX2u7QKghxeoFGpLwCtGlt7j0oY9DYb5apt9nPlJ42ID+ulTXESnt/qAQcoSERyZ5sl3LDIOw0nAn/5DA==

shot@3.x.x:
  version "3.4.2"
  resolved "https://registry.yarnpkg.com/shot/-/shot-3.4.2.tgz#1e5c3f6f2b26649adc42f7eb350214a5a0291d67"
  integrity sha1-Hlw/bysmZJrcQvfrNQIUpaApHWc=
  dependencies:
    hoek "4.x.x"
    joi "10.x.x"

somever@1.x.x:
  version "1.0.1"
  resolved "https://registry.yarnpkg.com/somever/-/somever-1.0.1.tgz#28a5c7de0d55f781af52fbce9960db1b84ce206e"
  integrity sha512-PCDMBcega4n7wuBUKmkiXidF3cOwtHHGg2qJYl0Rkw7StZqORoCgqce7HUuWNta/NAiQhwLDezNnTANxEWPCGA==
  dependencies:
    hoek "4.x.x"

sparse-bitfield@^3.0.3:
  version "3.0.3"
  resolved "https://registry.yarnpkg.com/sparse-bitfield/-/sparse-bitfield-3.0.3.tgz#ff4ae6e68656056ba4b3e792ab3334d38273ca11"
  integrity sha1-/0rm5oZWBWuks+eSqzM004JzyhE=
  dependencies:
    memory-pager "^1.0.2"

statehood@5.x.x:
  version "5.0.4"
  resolved "https://registry.yarnpkg.com/statehood/-/statehood-5.0.4.tgz#bb5c343c357e3b6a18260c36cde4a282563ca558"
  integrity sha512-6/feFLqqHylvA/dHwJA0DgXvbEcKgbhRUeljsuu6+cIr8PO88nax7Wc+celZlPTncqT2arsxXL8P329Q1yfe9Q==
  dependencies:
    boom "5.x.x"
    bourne "1.x.x"
    cryptiles "3.x.x"
    hoek "4.x.x"
    iron "4.x.x"
    items "2.x.x"
    joi "12.x.x"

subtext@5.x.x:
  version "5.0.1"
  resolved "https://registry.yarnpkg.com/subtext/-/subtext-5.0.1.tgz#3ba39c93260e2e2ee1eddcde371be9d5fbe88861"
  integrity sha512-zH/jaUKJ/bkrTpEe3zuTFIRnqAwv5xcGpXA2JaxEc30KRAT4k78jZnRqM45snjBSZAuvpI8chRUh1VZprcUVfw==
  dependencies:
    boom "5.x.x"
    bourne "1.x.x"
    content "3.x.x"
    hoek "4.x.x"
    pez "2.x.x"
    wreck "12.x.x"

topo@2.x.x:
  version "2.0.2"
  resolved "https://registry.yarnpkg.com/topo/-/topo-2.0.2.tgz#cd5615752539057c0dc0491a621c3bc6fbe1d182"
  integrity sha1-zVYVdSU5BXwNwEkaYhw7xvvh0YI=
  dependencies:
    hoek "4.x.x"

vise@2.x.x:
  version "2.0.2"
  resolved "https://registry.yarnpkg.com/vise/-/vise-2.0.2.tgz#6b08e8fb4cb76e3a50cd6dd0ec37338e811a0d39"
  integrity sha1-awjo+0y3bjpQzW3Q7DczjoEaDTk=
  dependencies:
    hoek "4.x.x"

wreck@12.x.x:
  version "12.5.1"
  resolved "https://registry.yarnpkg.com/wreck/-/wreck-12.5.1.tgz#cd2ffce167449e1f0242ed9cf80552e20fb6902a"
  integrity sha512-l5DUGrc+yDyIflpty1x9XuMj1ehVjC/dTbF3/BasOO77xk0EdEa4M/DuOY8W88MQDAD0fEDqyjc8bkIMHd2E9A==
  dependencies:
    boom "5.x.x"
    hoek "4.x.x"
