{
  "name": "notes-app",
  "version": "1.0.0",
  "lockfileVersion": 1,
  "requires": true,
  "dependencies": {
    "@types/validator": {
      "version": "12.0.1",
      "resolved": "https://registry.npmjs.org/@types/validator/-/validator-12.0.1.tgz",
      "integrity": "sha512-l57fIANZLMe8DArz+SDb+7ATXnDm15P7u2wHBw5mb0aSMd+UuvmvhouBF2hdLgQPDMJ39sh9g2MJO4GkZ0VAdQ==",
      "dev": true
    },
    "validator": {
      "version": "12.2.0",
      "resolved": "https://registry.npmjs.org/validator/-/validator-12.2.0.tgz",
      "integrity": "sha512-jJfE/DW6tIK1Ek8nCfNFqt8Wb3nzMoAbocBF6/Icgg1ZFSBpObdnwVY2jQj6qUqzhx5jc71fpvBWyLGO7Xl+nQ=="
    }
  }
}
